// !$*UTF8*$!
{
	archiveVersion = 1;
	classes = {
	};
	objectVersion = 50;
	objects = {

/* Begin PBXBuildFile section */
		78461555CB2B2BAE7EE6551B /* Pods_VidaFacilTests.framework in Frameworks */ = {isa = PBXBuildFile; fileRef = 957715F389403F38DD9BBDDA /* Pods_VidaFacilTests.framework */; };
		83178982BFC677390BB939B1 /* Pods_VidaFacilUITests.framework in Frameworks */ = {isa = PBXBuildFile; fileRef = D8A06223E36694A5B0D7ABDC /* Pods_VidaFacilUITests.framework */; };
		B60434582275E27E00DB22F1 /* APIServiceType.swift in Sources */ = {isa = PBXBuildFile; fileRef = B60434572275E27E00DB22F1 /* APIServiceType.swift */; };
		B604345A2275E28A00DB22F1 /* APIService.swift in Sources */ = {isa = PBXBuildFile; fileRef = B60434592275E28A00DB22F1 /* APIService.swift */; };
		B604345C2275E29900DB22F1 /* RootApiModel.swift in Sources */ = {isa = PBXBuildFile; fileRef = B604345B2275E29900DB22F1 /* RootApiModel.swift */; };
		B604345E2275E32400DB22F1 /* ServicesManager.swift in Sources */ = {isa = PBXBuildFile; fileRef = B604345D2275E32400DB22F1 /* ServicesManager.swift */; };
		B60434602275E40D00DB22F1 /* AccessTokenCache.swift in Sources */ = {isa = PBXBuildFile; fileRef = B604345F2275E40D00DB22F1 /* AccessTokenCache.swift */; };
		B60434622275E43200DB22F1 /* APIError.swift in Sources */ = {isa = PBXBuildFile; fileRef = B60434612275E43200DB22F1 /* APIError.swift */; };
		B60434642275E46100DB22F1 /* UserDefaultsKey.swift in Sources */ = {isa = PBXBuildFile; fileRef = B60434632275E46100DB22F1 /* UserDefaultsKey.swift */; };
		B60434672275E4CA00DB22F1 /* UserDefaultsService.swift in Sources */ = {isa = PBXBuildFile; fileRef = B60434662275E4CA00DB22F1 /* UserDefaultsService.swift */; };
		B60434692275E4DA00DB22F1 /* UserDefaultsServiceType.swift in Sources */ = {isa = PBXBuildFile; fileRef = B60434682275E4DA00DB22F1 /* UserDefaultsServiceType.swift */; };
		B604346B2275E50D00DB22F1 /* AccessTokenCacheType.swift in Sources */ = {isa = PBXBuildFile; fileRef = B604346A2275E50D00DB22F1 /* AccessTokenCacheType.swift */; };
		B604346F2275E6F800DB22F1 /* LoginResult.swift in Sources */ = {isa = PBXBuildFile; fileRef = B604346E2275E6F800DB22F1 /* LoginResult.swift */; };
		B60434712275E7A700DB22F1 /* Map+Error.swift in Sources */ = {isa = PBXBuildFile; fileRef = B60434702275E7A700DB22F1 /* Map+Error.swift */; };
		B60434732275E95100DB22F1 /* String.swift in Sources */ = {isa = PBXBuildFile; fileRef = B60434722275E95100DB22F1 /* String.swift */; };
		B60434752275EAB100DB22F1 /* TimeoutManager.swift in Sources */ = {isa = PBXBuildFile; fileRef = B60434742275EAB100DB22F1 /* TimeoutManager.swift */; };
		B60434782275EAF200DB22F1 /* UserCacheType.swift in Sources */ = {isa = PBXBuildFile; fileRef = B60434772275EAF200DB22F1 /* UserCacheType.swift */; };
		B604347A2275EAFD00DB22F1 /* UserCache.swift in Sources */ = {isa = PBXBuildFile; fileRef = B60434792275EAFD00DB22F1 /* UserCache.swift */; };
		B604347C2276234A00DB22F1 /* BaseView.swift in Sources */ = {isa = PBXBuildFile; fileRef = B604347B2276234A00DB22F1 /* BaseView.swift */; };
		B604347E227630C400DB22F1 /* AccessTokenPlugin.swift in Sources */ = {isa = PBXBuildFile; fileRef = B604347D227630C400DB22F1 /* AccessTokenPlugin.swift */; };
		B60434812276319000DB22F1 /* AlertBuilder.swift in Sources */ = {isa = PBXBuildFile; fileRef = B60434802276319000DB22F1 /* AlertBuilder.swift */; };
		B6043483227631C500DB22F1 /* AlertButtonAction.swift in Sources */ = {isa = PBXBuildFile; fileRef = B6043482227631C500DB22F1 /* AlertButtonAction.swift */; };
		B604348522763F0100DB22F1 /* AuthorizationType+Equatable.swift in Sources */ = {isa = PBXBuildFile; fileRef = B604348422763F0100DB22F1 /* AuthorizationType+Equatable.swift */; };
		B6691B31226DF40C0082FE31 /* LoginViewController.swift in Sources */ = {isa = PBXBuildFile; fileRef = B6691B30226DF40C0082FE31 /* LoginViewController.swift */; };
		B69B306A22710A3200C26D91 /* States.swift in Sources */ = {isa = PBXBuildFile; fileRef = B69B306922710A3200C26D91 /* States.swift */; };
		B69B306C22710ADC00C26D91 /* State.swift in Sources */ = {isa = PBXBuildFile; fileRef = B69B306B22710ADC00C26D91 /* State.swift */; };
		B69B306F22710DCD00C26D91 /* Users.swift in Sources */ = {isa = PBXBuildFile; fileRef = B69B306E22710DCC00C26D91 /* Users.swift */; };
		B69B307122710F4F00C26D91 /* User.swift in Sources */ = {isa = PBXBuildFile; fileRef = B69B307022710F4F00C26D91 /* User.swift */; };
		B69B30732271147B00C26D91 /* CustomDate.swift in Sources */ = {isa = PBXBuildFile; fileRef = B69B30722271147B00C26D91 /* CustomDate.swift */; };
		B69B30762271341B00C26D91 /* Benefits.swift in Sources */ = {isa = PBXBuildFile; fileRef = B69B30752271341B00C26D91 /* Benefits.swift */; };
		B69B30782271348500C26D91 /* Benefit.swift in Sources */ = {isa = PBXBuildFile; fileRef = B69B30772271348500C26D91 /* Benefit.swift */; };
		B69B307B227136B600C26D91 /* DiscountTypes.swift in Sources */ = {isa = PBXBuildFile; fileRef = B69B307A227136B600C26D91 /* DiscountTypes.swift */; };
		B69B307D227136E500C26D91 /* DiscountType.swift in Sources */ = {isa = PBXBuildFile; fileRef = B69B307C227136E500C26D91 /* DiscountType.swift */; };
		B69B308022713A7900C26D91 /* Categories.swift in Sources */ = {isa = PBXBuildFile; fileRef = B69B307F22713A7900C26D91 /* Categories.swift */; };
		B69B308222713C3100C26D91 /* EstablishmentCategory.swift in Sources */ = {isa = PBXBuildFile; fileRef = B69B308122713C3100C26D91 /* EstablishmentCategory.swift */; };
		B69B30862271429F00C26D91 /* Plans.swift in Sources */ = {isa = PBXBuildFile; fileRef = B69B30852271429F00C26D91 /* Plans.swift */; };
		B69B3088227142BD00C26D91 /* Plan.swift in Sources */ = {isa = PBXBuildFile; fileRef = B69B3087227142BD00C26D91 /* Plan.swift */; };
		B69B308B227145C700C26D91 /* Establishments.swift in Sources */ = {isa = PBXBuildFile; fileRef = B69B308A227145C700C26D91 /* Establishments.swift */; };
		B69B308D2271462900C26D91 /* Establishment.swift in Sources */ = {isa = PBXBuildFile; fileRef = B69B308C2271462900C26D91 /* Establishment.swift */; };
		B69B3090227148F400C26D91 /* Products.swift in Sources */ = {isa = PBXBuildFile; fileRef = B69B308F227148F400C26D91 /* Products.swift */; };
		B69B3092227285D400C26D91 /* Product.swift in Sources */ = {isa = PBXBuildFile; fileRef = B69B3091227285D400C26D91 /* Product.swift */; };
		B69B30952272894A00C26D91 /* Evaluations.swift in Sources */ = {isa = PBXBuildFile; fileRef = B69B30942272894A00C26D91 /* Evaluations.swift */; };
		B69B3097227289D600C26D91 /* Evaluation.swift in Sources */ = {isa = PBXBuildFile; fileRef = B69B3096227289D600C26D91 /* Evaluation.swift */; };
		B69B309922728BF000C26D91 /* EstablishmentType.swift in Sources */ = {isa = PBXBuildFile; fileRef = B69B309822728BF000C26D91 /* EstablishmentType.swift */; };
		B69B309B22728EA100C26D91 /* Pivot.swift in Sources */ = {isa = PBXBuildFile; fileRef = B69B309A22728EA100C26D91 /* Pivot.swift */; };
		B6A7450E22621031000610D6 /* CameraViewController.swift in Sources */ = {isa = PBXBuildFile; fileRef = B6A7450D22621031000610D6 /* CameraViewController.swift */; };
		B6A7451022636EF0000610D6 /* UIColor + Hex.swift in Sources */ = {isa = PBXBuildFile; fileRef = B6A7450F22636EF0000610D6 /* UIColor + Hex.swift */; };
		B6A745132264238E000610D6 /* VidaFacilAPI.swift in Sources */ = {isa = PBXBuildFile; fileRef = B6A745122264238E000610D6 /* VidaFacilAPI.swift */; };
		B6B13D4C224AD6E2007B2B46 /* AppDelegate.swift in Sources */ = {isa = PBXBuildFile; fileRef = B6B13D4B224AD6E2007B2B46 /* AppDelegate.swift */; };
		B6B13D4E224AD6E2007B2B46 /* ViewController.swift in Sources */ = {isa = PBXBuildFile; fileRef = B6B13D4D224AD6E2007B2B46 /* ViewController.swift */; };
		B6B13D51224AD6E2007B2B46 /* Main.storyboard in Resources */ = {isa = PBXBuildFile; fileRef = B6B13D4F224AD6E2007B2B46 /* Main.storyboard */; };
		B6B13D53224AD6E4007B2B46 /* Assets.xcassets in Resources */ = {isa = PBXBuildFile; fileRef = B6B13D52224AD6E4007B2B46 /* Assets.xcassets */; };
		B6B13D56224AD6E4007B2B46 /* LaunchScreen.storyboard in Resources */ = {isa = PBXBuildFile; fileRef = B6B13D54224AD6E4007B2B46 /* LaunchScreen.storyboard */; };
		B6B13D61224AD6E4007B2B46 /* VidaFacilTests.swift in Sources */ = {isa = PBXBuildFile; fileRef = B6B13D60224AD6E4007B2B46 /* VidaFacilTests.swift */; };
		B6B13D6C224AD6E4007B2B46 /* VidaFacilUITests.swift in Sources */ = {isa = PBXBuildFile; fileRef = B6B13D6B224AD6E4007B2B46 /* VidaFacilUITests.swift */; };
		B6B13D80224DD98B007B2B46 /* TableListCollectionViewCell.swift in Sources */ = {isa = PBXBuildFile; fileRef = B6B13D7E224DD98B007B2B46 /* TableListCollectionViewCell.swift */; };
		B6B13D81224DD98B007B2B46 /* TableListCollectionViewCell.xib in Resources */ = {isa = PBXBuildFile; fileRef = B6B13D7F224DD98B007B2B46 /* TableListCollectionViewCell.xib */; };
		B6B13D88224DD9B1007B2B46 /* AboutCollectionViewCell.swift in Sources */ = {isa = PBXBuildFile; fileRef = B6B13D86224DD9B1007B2B46 /* AboutCollectionViewCell.swift */; };
		B6B13D89224DD9B1007B2B46 /* AboutCollectionViewCell.xib in Resources */ = {isa = PBXBuildFile; fileRef = B6B13D87224DD9B1007B2B46 /* AboutCollectionViewCell.xib */; };
		B6B13D8F224DDADC007B2B46 /* UICollectionViewCell+Identifiable.swift in Sources */ = {isa = PBXBuildFile; fileRef = B6B13D8E224DDADC007B2B46 /* UICollectionViewCell+Identifiable.swift */; };
		B6B13D91224DDAF3007B2B46 /* UITableViewCell+Identifiable.swift in Sources */ = {isa = PBXBuildFile; fileRef = B6B13D90224DDAF3007B2B46 /* UITableViewCell+Identifiable.swift */; };
		B6B13D96224DDE6B007B2B46 /* ArtTableViewCell.swift in Sources */ = {isa = PBXBuildFile; fileRef = B6B13D94224DDE6B007B2B46 /* ArtTableViewCell.swift */; };
		B6B13D97224DDE6B007B2B46 /* ArtTableViewCell.xib in Resources */ = {isa = PBXBuildFile; fileRef = B6B13D95224DDE6B007B2B46 /* ArtTableViewCell.xib */; };
		B6B13D9A224DDE96007B2B46 /* LocaleTableViewCell.swift in Sources */ = {isa = PBXBuildFile; fileRef = B6B13D98224DDE96007B2B46 /* LocaleTableViewCell.swift */; };
		B6B13D9B224DDE96007B2B46 /* LocaleTableViewCell.xib in Resources */ = {isa = PBXBuildFile; fileRef = B6B13D99224DDE96007B2B46 /* LocaleTableViewCell.xib */; };
		B6B13D9D224DEE69007B2B46 /* UIView+Border.swift in Sources */ = {isa = PBXBuildFile; fileRef = B6B13D9C224DEE69007B2B46 /* UIView+Border.swift */; };
		B6B13DA02252DFFC007B2B46 /* RegisterViewController.swift in Sources */ = {isa = PBXBuildFile; fileRef = B6B13D9E2252DFFC007B2B46 /* RegisterViewController.swift */; };
		B6B13DA42252E021007B2B46 /* LocaleItensViewController.swift in Sources */ = {isa = PBXBuildFile; fileRef = B6B13DA22252E021007B2B46 /* LocaleItensViewController.swift */; };
		B6B13DA72252E33B007B2B46 /* DiscountDetailsViewController.swift in Sources */ = {isa = PBXBuildFile; fileRef = B6B13DA62252E33B007B2B46 /* DiscountDetailsViewController.swift */; };
		B6DE223722BC44810055B3DE /* Sua-Medium.otf in Resources */ = {isa = PBXBuildFile; fileRef = B6DE223622BC44800055B3DE /* Sua-Medium.otf */; };
		DB54E04B74C5425241DAE670 /* Pods_VidaFacil.framework in Frameworks */ = {isa = PBXBuildFile; fileRef = 0E4D7158B3F9E017A4292F9A /* Pods_VidaFacil.framework */; };
/* End PBXBuildFile section */

/* Begin PBXContainerItemProxy section */
		B6B13D5D224AD6E4007B2B46 /* PBXContainerItemProxy */ = {
			isa = PBXContainerItemProxy;
			containerPortal = B6B13D40224AD6E2007B2B46 /* Project object */;
			proxyType = 1;
			remoteGlobalIDString = B6B13D47224AD6E2007B2B46;
			remoteInfo = VidaFacil;
		};
		B6B13D68224AD6E4007B2B46 /* PBXContainerItemProxy */ = {
			isa = PBXContainerItemProxy;
			containerPortal = B6B13D40224AD6E2007B2B46 /* Project object */;
			proxyType = 1;
			remoteGlobalIDString = B6B13D47224AD6E2007B2B46;
			remoteInfo = VidaFacil;
		};
/* End PBXContainerItemProxy section */

/* Begin PBXFileReference section */
		0E4D7158B3F9E017A4292F9A /* Pods_VidaFacil.framework */ = {isa = PBXFileReference; explicitFileType = wrapper.framework; includeInIndex = 0; path = Pods_VidaFacil.framework; sourceTree = BUILT_PRODUCTS_DIR; };
		0F551F765F95E5CE8F86A15D /* Pods-VidaFacil.release.xcconfig */ = {isa = PBXFileReference; includeInIndex = 1; lastKnownFileType = text.xcconfig; name = "Pods-VidaFacil.release.xcconfig"; path = "Pods/Target Support Files/Pods-VidaFacil/Pods-VidaFacil.release.xcconfig"; sourceTree = "<group>"; };
		12EAB088F5B198FAF36D00FE /* Pods-VidaFacilUITests.release.xcconfig */ = {isa = PBXFileReference; includeInIndex = 1; lastKnownFileType = text.xcconfig; name = "Pods-VidaFacilUITests.release.xcconfig"; path = "Pods/Target Support Files/Pods-VidaFacilUITests/Pods-VidaFacilUITests.release.xcconfig"; sourceTree = "<group>"; };
		199BDC16F82C8E3FAA252CD7 /* Pods-VidaFacilUITests.debug.xcconfig */ = {isa = PBXFileReference; includeInIndex = 1; lastKnownFileType = text.xcconfig; name = "Pods-VidaFacilUITests.debug.xcconfig"; path = "Pods/Target Support Files/Pods-VidaFacilUITests/Pods-VidaFacilUITests.debug.xcconfig"; sourceTree = "<group>"; };
		26C444306D5A1E04CFC27C45 /* Pods-VidaFacilTests.release.xcconfig */ = {isa = PBXFileReference; includeInIndex = 1; lastKnownFileType = text.xcconfig; name = "Pods-VidaFacilTests.release.xcconfig"; path = "Pods/Target Support Files/Pods-VidaFacilTests/Pods-VidaFacilTests.release.xcconfig"; sourceTree = "<group>"; };
		300F316CFE691E58A46C1F65 /* Pods-VidaFacil.debug.xcconfig */ = {isa = PBXFileReference; includeInIndex = 1; lastKnownFileType = text.xcconfig; name = "Pods-VidaFacil.debug.xcconfig"; path = "Pods/Target Support Files/Pods-VidaFacil/Pods-VidaFacil.debug.xcconfig"; sourceTree = "<group>"; };
		77CCD62EDABD9CDA901F5EA5 /* Pods-VidaFacilTests.debug.xcconfig */ = {isa = PBXFileReference; includeInIndex = 1; lastKnownFileType = text.xcconfig; name = "Pods-VidaFacilTests.debug.xcconfig"; path = "Pods/Target Support Files/Pods-VidaFacilTests/Pods-VidaFacilTests.debug.xcconfig"; sourceTree = "<group>"; };
		957715F389403F38DD9BBDDA /* Pods_VidaFacilTests.framework */ = {isa = PBXFileReference; explicitFileType = wrapper.framework; includeInIndex = 0; path = Pods_VidaFacilTests.framework; sourceTree = BUILT_PRODUCTS_DIR; };
		B60434572275E27E00DB22F1 /* APIServiceType.swift */ = {isa = PBXFileReference; lastKnownFileType = sourcecode.swift; path = APIServiceType.swift; sourceTree = "<group>"; };
		B60434592275E28A00DB22F1 /* APIService.swift */ = {isa = PBXFileReference; lastKnownFileType = sourcecode.swift; path = APIService.swift; sourceTree = "<group>"; };
		B604345B2275E29900DB22F1 /* RootApiModel.swift */ = {isa = PBXFileReference; lastKnownFileType = sourcecode.swift; path = RootApiModel.swift; sourceTree = "<group>"; };
		B604345D2275E32400DB22F1 /* ServicesManager.swift */ = {isa = PBXFileReference; lastKnownFileType = sourcecode.swift; path = ServicesManager.swift; sourceTree = "<group>"; };
		B604345F2275E40D00DB22F1 /* AccessTokenCache.swift */ = {isa = PBXFileReference; lastKnownFileType = sourcecode.swift; path = AccessTokenCache.swift; sourceTree = "<group>"; };
		B60434612275E43200DB22F1 /* APIError.swift */ = {isa = PBXFileReference; lastKnownFileType = sourcecode.swift; path = APIError.swift; sourceTree = "<group>"; };
		B60434632275E46100DB22F1 /* UserDefaultsKey.swift */ = {isa = PBXFileReference; lastKnownFileType = sourcecode.swift; path = UserDefaultsKey.swift; sourceTree = "<group>"; };
		B60434662275E4CA00DB22F1 /* UserDefaultsService.swift */ = {isa = PBXFileReference; lastKnownFileType = sourcecode.swift; path = UserDefaultsService.swift; sourceTree = "<group>"; };
		B60434682275E4DA00DB22F1 /* UserDefaultsServiceType.swift */ = {isa = PBXFileReference; lastKnownFileType = sourcecode.swift; path = UserDefaultsServiceType.swift; sourceTree = "<group>"; };
		B604346A2275E50D00DB22F1 /* AccessTokenCacheType.swift */ = {isa = PBXFileReference; lastKnownFileType = sourcecode.swift; path = AccessTokenCacheType.swift; sourceTree = "<group>"; };
		B604346E2275E6F800DB22F1 /* LoginResult.swift */ = {isa = PBXFileReference; lastKnownFileType = sourcecode.swift; path = LoginResult.swift; sourceTree = "<group>"; };
		B60434702275E7A700DB22F1 /* Map+Error.swift */ = {isa = PBXFileReference; lastKnownFileType = sourcecode.swift; path = "Map+Error.swift"; sourceTree = "<group>"; };
		B60434722275E95100DB22F1 /* String.swift */ = {isa = PBXFileReference; lastKnownFileType = sourcecode.swift; path = String.swift; sourceTree = "<group>"; };
		B60434742275EAB100DB22F1 /* TimeoutManager.swift */ = {isa = PBXFileReference; lastKnownFileType = sourcecode.swift; path = TimeoutManager.swift; sourceTree = "<group>"; };
		B60434772275EAF200DB22F1 /* UserCacheType.swift */ = {isa = PBXFileReference; lastKnownFileType = sourcecode.swift; path = UserCacheType.swift; sourceTree = "<group>"; };
		B60434792275EAFD00DB22F1 /* UserCache.swift */ = {isa = PBXFileReference; lastKnownFileType = sourcecode.swift; path = UserCache.swift; sourceTree = "<group>"; };
		B604347B2276234A00DB22F1 /* BaseView.swift */ = {isa = PBXFileReference; lastKnownFileType = sourcecode.swift; path = BaseView.swift; sourceTree = "<group>"; };
		B604347D227630C400DB22F1 /* AccessTokenPlugin.swift */ = {isa = PBXFileReference; lastKnownFileType = sourcecode.swift; path = AccessTokenPlugin.swift; sourceTree = "<group>"; };
		B60434802276319000DB22F1 /* AlertBuilder.swift */ = {isa = PBXFileReference; lastKnownFileType = sourcecode.swift; path = AlertBuilder.swift; sourceTree = "<group>"; };
		B6043482227631C500DB22F1 /* AlertButtonAction.swift */ = {isa = PBXFileReference; lastKnownFileType = sourcecode.swift; path = AlertButtonAction.swift; sourceTree = "<group>"; };
		B604348422763F0100DB22F1 /* AuthorizationType+Equatable.swift */ = {isa = PBXFileReference; lastKnownFileType = sourcecode.swift; path = "AuthorizationType+Equatable.swift"; sourceTree = "<group>"; };
		B6691B30226DF40C0082FE31 /* LoginViewController.swift */ = {isa = PBXFileReference; lastKnownFileType = sourcecode.swift; path = LoginViewController.swift; sourceTree = "<group>"; };
		B69B306922710A3200C26D91 /* States.swift */ = {isa = PBXFileReference; lastKnownFileType = sourcecode.swift; path = States.swift; sourceTree = "<group>"; };
		B69B306B22710ADC00C26D91 /* State.swift */ = {isa = PBXFileReference; lastKnownFileType = sourcecode.swift; path = State.swift; sourceTree = "<group>"; };
		B69B306E22710DCC00C26D91 /* Users.swift */ = {isa = PBXFileReference; lastKnownFileType = sourcecode.swift; path = Users.swift; sourceTree = "<group>"; };
		B69B307022710F4F00C26D91 /* User.swift */ = {isa = PBXFileReference; lastKnownFileType = sourcecode.swift; path = User.swift; sourceTree = "<group>"; };
		B69B30722271147B00C26D91 /* CustomDate.swift */ = {isa = PBXFileReference; lastKnownFileType = sourcecode.swift; path = CustomDate.swift; sourceTree = "<group>"; };
		B69B30752271341B00C26D91 /* Benefits.swift */ = {isa = PBXFileReference; lastKnownFileType = sourcecode.swift; path = Benefits.swift; sourceTree = "<group>"; };
		B69B30772271348500C26D91 /* Benefit.swift */ = {isa = PBXFileReference; lastKnownFileType = sourcecode.swift; path = Benefit.swift; sourceTree = "<group>"; };
		B69B307A227136B600C26D91 /* DiscountTypes.swift */ = {isa = PBXFileReference; lastKnownFileType = sourcecode.swift; path = DiscountTypes.swift; sourceTree = "<group>"; };
		B69B307C227136E500C26D91 /* DiscountType.swift */ = {isa = PBXFileReference; lastKnownFileType = sourcecode.swift; path = DiscountType.swift; sourceTree = "<group>"; };
		B69B307F22713A7900C26D91 /* Categories.swift */ = {isa = PBXFileReference; lastKnownFileType = sourcecode.swift; path = Categories.swift; sourceTree = "<group>"; };
		B69B308122713C3100C26D91 /* EstablishmentCategory.swift */ = {isa = PBXFileReference; lastKnownFileType = sourcecode.swift; path = EstablishmentCategory.swift; sourceTree = "<group>"; };
		B69B30852271429F00C26D91 /* Plans.swift */ = {isa = PBXFileReference; lastKnownFileType = sourcecode.swift; path = Plans.swift; sourceTree = "<group>"; };
		B69B3087227142BD00C26D91 /* Plan.swift */ = {isa = PBXFileReference; lastKnownFileType = sourcecode.swift; path = Plan.swift; sourceTree = "<group>"; };
		B69B308A227145C700C26D91 /* Establishments.swift */ = {isa = PBXFileReference; lastKnownFileType = sourcecode.swift; path = Establishments.swift; sourceTree = "<group>"; };
		B69B308C2271462900C26D91 /* Establishment.swift */ = {isa = PBXFileReference; lastKnownFileType = sourcecode.swift; path = Establishment.swift; sourceTree = "<group>"; };
		B69B308F227148F400C26D91 /* Products.swift */ = {isa = PBXFileReference; lastKnownFileType = sourcecode.swift; path = Products.swift; sourceTree = "<group>"; };
		B69B3091227285D400C26D91 /* Product.swift */ = {isa = PBXFileReference; lastKnownFileType = sourcecode.swift; path = Product.swift; sourceTree = "<group>"; };
		B69B30942272894A00C26D91 /* Evaluations.swift */ = {isa = PBXFileReference; lastKnownFileType = sourcecode.swift; path = Evaluations.swift; sourceTree = "<group>"; };
		B69B3096227289D600C26D91 /* Evaluation.swift */ = {isa = PBXFileReference; lastKnownFileType = sourcecode.swift; path = Evaluation.swift; sourceTree = "<group>"; };
		B69B309822728BF000C26D91 /* EstablishmentType.swift */ = {isa = PBXFileReference; lastKnownFileType = sourcecode.swift; path = EstablishmentType.swift; sourceTree = "<group>"; };
		B69B309A22728EA100C26D91 /* Pivot.swift */ = {isa = PBXFileReference; lastKnownFileType = sourcecode.swift; path = Pivot.swift; sourceTree = "<group>"; };
		B6A7450D22621031000610D6 /* CameraViewController.swift */ = {isa = PBXFileReference; lastKnownFileType = sourcecode.swift; path = CameraViewController.swift; sourceTree = "<group>"; };
		B6A7450F22636EF0000610D6 /* UIColor + Hex.swift */ = {isa = PBXFileReference; lastKnownFileType = sourcecode.swift; path = "UIColor + Hex.swift"; sourceTree = "<group>"; };
		B6A745122264238E000610D6 /* VidaFacilAPI.swift */ = {isa = PBXFileReference; lastKnownFileType = sourcecode.swift; path = VidaFacilAPI.swift; sourceTree = "<group>"; };
		B6B13D48224AD6E2007B2B46 /* VidaFacil.app */ = {isa = PBXFileReference; explicitFileType = wrapper.application; includeInIndex = 0; path = VidaFacil.app; sourceTree = BUILT_PRODUCTS_DIR; };
		B6B13D4B224AD6E2007B2B46 /* AppDelegate.swift */ = {isa = PBXFileReference; lastKnownFileType = sourcecode.swift; path = AppDelegate.swift; sourceTree = "<group>"; };
		B6B13D4D224AD6E2007B2B46 /* ViewController.swift */ = {isa = PBXFileReference; lastKnownFileType = sourcecode.swift; path = ViewController.swift; sourceTree = "<group>"; };
		B6B13D50224AD6E2007B2B46 /* Base */ = {isa = PBXFileReference; lastKnownFileType = file.storyboard; name = Base; path = Base.lproj/Main.storyboard; sourceTree = "<group>"; };
		B6B13D52224AD6E4007B2B46 /* Assets.xcassets */ = {isa = PBXFileReference; lastKnownFileType = folder.assetcatalog; path = Assets.xcassets; sourceTree = "<group>"; };
		B6B13D55224AD6E4007B2B46 /* Base */ = {isa = PBXFileReference; lastKnownFileType = file.storyboard; name = Base; path = Base.lproj/LaunchScreen.storyboard; sourceTree = "<group>"; };
		B6B13D57224AD6E4007B2B46 /* Info.plist */ = {isa = PBXFileReference; lastKnownFileType = text.plist.xml; path = Info.plist; sourceTree = "<group>"; };
		B6B13D5C224AD6E4007B2B46 /* VidaFacilTests.xctest */ = {isa = PBXFileReference; explicitFileType = wrapper.cfbundle; includeInIndex = 0; path = VidaFacilTests.xctest; sourceTree = BUILT_PRODUCTS_DIR; };
		B6B13D60224AD6E4007B2B46 /* VidaFacilTests.swift */ = {isa = PBXFileReference; lastKnownFileType = sourcecode.swift; path = VidaFacilTests.swift; sourceTree = "<group>"; };
		B6B13D62224AD6E4007B2B46 /* Info.plist */ = {isa = PBXFileReference; lastKnownFileType = text.plist.xml; path = Info.plist; sourceTree = "<group>"; };
		B6B13D67224AD6E4007B2B46 /* VidaFacilUITests.xctest */ = {isa = PBXFileReference; explicitFileType = wrapper.cfbundle; includeInIndex = 0; path = VidaFacilUITests.xctest; sourceTree = BUILT_PRODUCTS_DIR; };
		B6B13D6B224AD6E4007B2B46 /* VidaFacilUITests.swift */ = {isa = PBXFileReference; lastKnownFileType = sourcecode.swift; path = VidaFacilUITests.swift; sourceTree = "<group>"; };
		B6B13D6D224AD6E4007B2B46 /* Info.plist */ = {isa = PBXFileReference; lastKnownFileType = text.plist.xml; path = Info.plist; sourceTree = "<group>"; };
		B6B13D7E224DD98B007B2B46 /* TableListCollectionViewCell.swift */ = {isa = PBXFileReference; lastKnownFileType = sourcecode.swift; path = TableListCollectionViewCell.swift; sourceTree = "<group>"; };
		B6B13D7F224DD98B007B2B46 /* TableListCollectionViewCell.xib */ = {isa = PBXFileReference; lastKnownFileType = file.xib; path = TableListCollectionViewCell.xib; sourceTree = "<group>"; };
		B6B13D86224DD9B1007B2B46 /* AboutCollectionViewCell.swift */ = {isa = PBXFileReference; lastKnownFileType = sourcecode.swift; path = AboutCollectionViewCell.swift; sourceTree = "<group>"; };
		B6B13D87224DD9B1007B2B46 /* AboutCollectionViewCell.xib */ = {isa = PBXFileReference; lastKnownFileType = file.xib; path = AboutCollectionViewCell.xib; sourceTree = "<group>"; };
		B6B13D8E224DDADC007B2B46 /* UICollectionViewCell+Identifiable.swift */ = {isa = PBXFileReference; lastKnownFileType = sourcecode.swift; path = "UICollectionViewCell+Identifiable.swift"; sourceTree = "<group>"; };
		B6B13D90224DDAF3007B2B46 /* UITableViewCell+Identifiable.swift */ = {isa = PBXFileReference; lastKnownFileType = sourcecode.swift; path = "UITableViewCell+Identifiable.swift"; sourceTree = "<group>"; };
		B6B13D94224DDE6B007B2B46 /* ArtTableViewCell.swift */ = {isa = PBXFileReference; lastKnownFileType = sourcecode.swift; path = ArtTableViewCell.swift; sourceTree = "<group>"; };
		B6B13D95224DDE6B007B2B46 /* ArtTableViewCell.xib */ = {isa = PBXFileReference; lastKnownFileType = file.xib; path = ArtTableViewCell.xib; sourceTree = "<group>"; };
		B6B13D98224DDE96007B2B46 /* LocaleTableViewCell.swift */ = {isa = PBXFileReference; lastKnownFileType = sourcecode.swift; path = LocaleTableViewCell.swift; sourceTree = "<group>"; };
		B6B13D99224DDE96007B2B46 /* LocaleTableViewCell.xib */ = {isa = PBXFileReference; lastKnownFileType = file.xib; path = LocaleTableViewCell.xib; sourceTree = "<group>"; };
		B6B13D9C224DEE69007B2B46 /* UIView+Border.swift */ = {isa = PBXFileReference; lastKnownFileType = sourcecode.swift; path = "UIView+Border.swift"; sourceTree = "<group>"; };
		B6B13D9E2252DFFC007B2B46 /* RegisterViewController.swift */ = {isa = PBXFileReference; lastKnownFileType = sourcecode.swift; path = RegisterViewController.swift; sourceTree = "<group>"; };
		B6B13DA22252E021007B2B46 /* LocaleItensViewController.swift */ = {isa = PBXFileReference; lastKnownFileType = sourcecode.swift; path = LocaleItensViewController.swift; sourceTree = "<group>"; };
		B6B13DA62252E33B007B2B46 /* DiscountDetailsViewController.swift */ = {isa = PBXFileReference; lastKnownFileType = sourcecode.swift; path = DiscountDetailsViewController.swift; sourceTree = "<group>"; };
		B6DE223622BC44800055B3DE /* Sua-Medium.otf */ = {isa = PBXFileReference; lastKnownFileType = file; name = "Sua-Medium.otf"; path = "../../../../Desktop/PACK TELAS/Sua-Medium.otf"; sourceTree = "<group>"; };
		D8A06223E36694A5B0D7ABDC /* Pods_VidaFacilUITests.framework */ = {isa = PBXFileReference; explicitFileType = wrapper.framework; includeInIndex = 0; path = Pods_VidaFacilUITests.framework; sourceTree = BUILT_PRODUCTS_DIR; };
/* End PBXFileReference section */

/* Begin PBXFrameworksBuildPhase section */
		B6B13D45224AD6E2007B2B46 /* Frameworks */ = {
			isa = PBXFrameworksBuildPhase;
			buildActionMask = 2147483647;
			files = (
				DB54E04B74C5425241DAE670 /* Pods_VidaFacil.framework in Frameworks */,
			);
			runOnlyForDeploymentPostprocessing = 0;
		};
		B6B13D59224AD6E4007B2B46 /* Frameworks */ = {
			isa = PBXFrameworksBuildPhase;
			buildActionMask = 2147483647;
			files = (
				78461555CB2B2BAE7EE6551B /* Pods_VidaFacilTests.framework in Frameworks */,
			);
			runOnlyForDeploymentPostprocessing = 0;
		};
		B6B13D64224AD6E4007B2B46 /* Frameworks */ = {
			isa = PBXFrameworksBuildPhase;
			buildActionMask = 2147483647;
			files = (
				83178982BFC677390BB939B1 /* Pods_VidaFacilUITests.framework in Frameworks */,
			);
			runOnlyForDeploymentPostprocessing = 0;
		};
/* End PBXFrameworksBuildPhase section */

/* Begin PBXGroup section */
		17BA0E4A907CB92FB05953F0 /* Pods */ = {
			isa = PBXGroup;
			children = (
				300F316CFE691E58A46C1F65 /* Pods-VidaFacil.debug.xcconfig */,
				0F551F765F95E5CE8F86A15D /* Pods-VidaFacil.release.xcconfig */,
				77CCD62EDABD9CDA901F5EA5 /* Pods-VidaFacilTests.debug.xcconfig */,
				26C444306D5A1E04CFC27C45 /* Pods-VidaFacilTests.release.xcconfig */,
				199BDC16F82C8E3FAA252CD7 /* Pods-VidaFacilUITests.debug.xcconfig */,
				12EAB088F5B198FAF36D00FE /* Pods-VidaFacilUITests.release.xcconfig */,
			);
			name = Pods;
			sourceTree = "<group>";
		};
		5BBC43FA7A8D71031DE92E4C /* Frameworks */ = {
			isa = PBXGroup;
			children = (
				0E4D7158B3F9E017A4292F9A /* Pods_VidaFacil.framework */,
				957715F389403F38DD9BBDDA /* Pods_VidaFacilTests.framework */,
				D8A06223E36694A5B0D7ABDC /* Pods_VidaFacilUITests.framework */,
			);
			name = Frameworks;
			sourceTree = "<group>";
		};
		B60434652275E4B000DB22F1 /* Helpers */ = {
			isa = PBXGroup;
			children = (
				B604345D2275E32400DB22F1 /* ServicesManager.swift */,
				B60434632275E46100DB22F1 /* UserDefaultsKey.swift */,
				B60434662275E4CA00DB22F1 /* UserDefaultsService.swift */,
				B60434682275E4DA00DB22F1 /* UserDefaultsServiceType.swift */,
				B60434742275EAB100DB22F1 /* TimeoutManager.swift */,
				B604347D227630C400DB22F1 /* AccessTokenPlugin.swift */,
			);
			name = Helpers;
			sourceTree = "<group>";
		};
		B604346D2275E6EE00DB22F1 /* Login */ = {
			isa = PBXGroup;
			children = (
				B604346E2275E6F800DB22F1 /* LoginResult.swift */,
			);
			name = Login;
			sourceTree = "<group>";
		};
		B60434762275EADD00DB22F1 /* Cache */ = {
			isa = PBXGroup;
			children = (
				B60434792275EAFD00DB22F1 /* UserCache.swift */,
				B60434772275EAF200DB22F1 /* UserCacheType.swift */,
			);
			name = Cache;
			sourceTree = "<group>";
		};
		B604347F2276316F00DB22F1 /* Alert */ = {
			isa = PBXGroup;
			children = (
				B60434802276319000DB22F1 /* AlertBuilder.swift */,
				B6043482227631C500DB22F1 /* AlertButtonAction.swift */,
			);
			name = Alert;
			sourceTree = "<group>";
		};
		B69B30672271096100C26D91 /* Mappable */ = {
			isa = PBXGroup;
			children = (
				B604346D2275E6EE00DB22F1 /* Login */,
				B69B307E22713A2C00C26D91 /* Categories */,
				B69B30742271340200C26D91 /* Benefits */,
				B69B30792271364100C26D91 /* DiscountTypes */,
				B69B30892271454400C26D91 /* Establishments */,
				B69B3093227288F600C26D91 /* Evaluations */,
				B69B30842271414500C26D91 /* Plans */,
				B69B308E227148A300C26D91 /* Products */,
				B69B30682271096F00C26D91 /* States */,
				B69B306D22710DB100C26D91 /* Users */,
				B69B30722271147B00C26D91 /* CustomDate.swift */,
			);
			name = Mappable;
			sourceTree = "<group>";
		};
		B69B30682271096F00C26D91 /* States */ = {
			isa = PBXGroup;
			children = (
				B69B306922710A3200C26D91 /* States.swift */,
				B69B306B22710ADC00C26D91 /* State.swift */,
			);
			name = States;
			sourceTree = "<group>";
		};
		B69B306D22710DB100C26D91 /* Users */ = {
			isa = PBXGroup;
			children = (
				B69B306E22710DCC00C26D91 /* Users.swift */,
				B69B307022710F4F00C26D91 /* User.swift */,
			);
			name = Users;
			sourceTree = "<group>";
		};
		B69B30742271340200C26D91 /* Benefits */ = {
			isa = PBXGroup;
			children = (
				B69B30752271341B00C26D91 /* Benefits.swift */,
				B69B30772271348500C26D91 /* Benefit.swift */,
			);
			name = Benefits;
			sourceTree = "<group>";
		};
		B69B30792271364100C26D91 /* DiscountTypes */ = {
			isa = PBXGroup;
			children = (
				B69B307A227136B600C26D91 /* DiscountTypes.swift */,
				B69B307C227136E500C26D91 /* DiscountType.swift */,
			);
			name = DiscountTypes;
			sourceTree = "<group>";
		};
		B69B307E22713A2C00C26D91 /* Categories */ = {
			isa = PBXGroup;
			children = (
				B69B307F22713A7900C26D91 /* Categories.swift */,
				B69B308122713C3100C26D91 /* EstablishmentCategory.swift */,
			);
			name = Categories;
			sourceTree = "<group>";
		};
		B69B30842271414500C26D91 /* Plans */ = {
			isa = PBXGroup;
			children = (
				B69B30852271429F00C26D91 /* Plans.swift */,
				B69B3087227142BD00C26D91 /* Plan.swift */,
			);
			name = Plans;
			sourceTree = "<group>";
		};
		B69B30892271454400C26D91 /* Establishments */ = {
			isa = PBXGroup;
			children = (
				B69B308A227145C700C26D91 /* Establishments.swift */,
				B69B308C2271462900C26D91 /* Establishment.swift */,
				B69B309822728BF000C26D91 /* EstablishmentType.swift */,
			);
			name = Establishments;
			sourceTree = "<group>";
		};
		B69B308E227148A300C26D91 /* Products */ = {
			isa = PBXGroup;
			children = (
				B69B308F227148F400C26D91 /* Products.swift */,
				B69B3091227285D400C26D91 /* Product.swift */,
			);
			name = Products;
			sourceTree = "<group>";
		};
		B69B3093227288F600C26D91 /* Evaluations */ = {
			isa = PBXGroup;
			children = (
				B69B30942272894A00C26D91 /* Evaluations.swift */,
				B69B3096227289D600C26D91 /* Evaluation.swift */,
				B69B309A22728EA100C26D91 /* Pivot.swift */,
			);
			name = Evaluations;
			sourceTree = "<group>";
		};
		B6A7451122642378000610D6 /* API */ = {
			isa = PBXGroup;
			children = (
				B604345F2275E40D00DB22F1 /* AccessTokenCache.swift */,
				B604346A2275E50D00DB22F1 /* AccessTokenCacheType.swift */,
				B60434612275E43200DB22F1 /* APIError.swift */,
				B60434592275E28A00DB22F1 /* APIService.swift */,
				B60434572275E27E00DB22F1 /* APIServiceType.swift */,
				B604345B2275E29900DB22F1 /* RootApiModel.swift */,
				B6A745122264238E000610D6 /* VidaFacilAPI.swift */,
			);
			name = API;
			sourceTree = "<group>";
		};
		B6B13D3F224AD6E2007B2B46 = {
			isa = PBXGroup;
			children = (
				B6B13D4A224AD6E2007B2B46 /* VidaFacil */,
				B6B13D5F224AD6E4007B2B46 /* VidaFacilTests */,
				B6B13D6A224AD6E4007B2B46 /* VidaFacilUITests */,
				B6B13D49224AD6E2007B2B46 /* Products */,
				17BA0E4A907CB92FB05953F0 /* Pods */,
				5BBC43FA7A8D71031DE92E4C /* Frameworks */,
			);
			sourceTree = "<group>";
		};
		B6B13D49224AD6E2007B2B46 /* Products */ = {
			isa = PBXGroup;
			children = (
				B6B13D48224AD6E2007B2B46 /* VidaFacil.app */,
				B6B13D5C224AD6E4007B2B46 /* VidaFacilTests.xctest */,
				B6B13D67224AD6E4007B2B46 /* VidaFacilUITests.xctest */,
			);
			name = Products;
			sourceTree = "<group>";
		};
		B6B13D4A224AD6E2007B2B46 /* VidaFacil */ = {
			isa = PBXGroup;
			children = (
				B6B13D8B224DD9C9007B2B46 /* Model */,
				B6B13D8A224DD9B7007B2B46 /* View */,
				B6B13D8C224DD9D1007B2B46 /* Controller */,
				B6B13D52224AD6E4007B2B46 /* Assets.xcassets */,
				B6DE223622BC44800055B3DE /* Sua-Medium.otf */,
				B6B13D57224AD6E4007B2B46 /* Info.plist */,
			);
			path = VidaFacil;
			sourceTree = "<group>";
		};
		B6B13D5F224AD6E4007B2B46 /* VidaFacilTests */ = {
			isa = PBXGroup;
			children = (
				B6B13D60224AD6E4007B2B46 /* VidaFacilTests.swift */,
				B6B13D62224AD6E4007B2B46 /* Info.plist */,
			);
			path = VidaFacilTests;
			sourceTree = "<group>";
		};
		B6B13D6A224AD6E4007B2B46 /* VidaFacilUITests */ = {
			isa = PBXGroup;
			children = (
				B6B13D6B224AD6E4007B2B46 /* VidaFacilUITests.swift */,
				B6B13D6D224AD6E4007B2B46 /* Info.plist */,
			);
			path = VidaFacilUITests;
			sourceTree = "<group>";
		};
		B6B13D8A224DD9B7007B2B46 /* View */ = {
			isa = PBXGroup;
			children = (
				B6B13DA82252E3C7007B2B46 /* CollectionCells */,
				B6B13D92224DDE3D007B2B46 /* TableCells */,
				B6B13D54224AD6E4007B2B46 /* LaunchScreen.storyboard */,
				B6B13D4F224AD6E2007B2B46 /* Main.storyboard */,
			);
			name = View;
			sourceTree = "<group>";
		};
		B6B13D8B224DD9C9007B2B46 /* Model */ = {
			isa = PBXGroup;
			children = (
				B604347F2276316F00DB22F1 /* Alert */,
				B6A7451122642378000610D6 /* API */,
				B60434762275EADD00DB22F1 /* Cache */,
				B6B13D8D224DD9FD007B2B46 /* Extensions */,
				B60434652275E4B000DB22F1 /* Helpers */,
				B69B30672271096100C26D91 /* Mappable */,
				B604347B2276234A00DB22F1 /* BaseView.swift */,
			);
			name = Model;
			sourceTree = "<group>";
		};
		B6B13D8C224DD9D1007B2B46 /* Controller */ = {
			isa = PBXGroup;
			children = (
				B6B13DA92252E3DB007B2B46 /* CollectionCells */,
				B6B13D93224DDE4E007B2B46 /* TableCells */,
				B6B13D4B224AD6E2007B2B46 /* AppDelegate.swift */,
				B6A7450D22621031000610D6 /* CameraViewController.swift */,
				B6B13DA62252E33B007B2B46 /* DiscountDetailsViewController.swift */,
				B6B13DA22252E021007B2B46 /* LocaleItensViewController.swift */,
				B6B13D9E2252DFFC007B2B46 /* RegisterViewController.swift */,
				B6B13D4D224AD6E2007B2B46 /* ViewController.swift */,
				B6691B30226DF40C0082FE31 /* LoginViewController.swift */,
			);
			name = Controller;
			sourceTree = "<group>";
		};
		B6B13D8D224DD9FD007B2B46 /* Extensions */ = {
			isa = PBXGroup;
			children = (
				B604348422763F0100DB22F1 /* AuthorizationType+Equatable.swift */,
				B60434702275E7A700DB22F1 /* Map+Error.swift */,
				B60434722275E95100DB22F1 /* String.swift */,
				B6B13D8E224DDADC007B2B46 /* UICollectionViewCell+Identifiable.swift */,
				B6A7450F22636EF0000610D6 /* UIColor + Hex.swift */,
				B6B13D90224DDAF3007B2B46 /* UITableViewCell+Identifiable.swift */,
				B6B13D9C224DEE69007B2B46 /* UIView+Border.swift */,
			);
			name = Extensions;
			sourceTree = "<group>";
		};
		B6B13D92224DDE3D007B2B46 /* TableCells */ = {
			isa = PBXGroup;
			children = (
				B6B13DAC2252E41B007B2B46 /* LocaleItensCells */,
				B6B13DAB2252E40B007B2B46 /* TableListCells */,
			);
			name = TableCells;
			sourceTree = "<group>";
		};
		B6B13D93224DDE4E007B2B46 /* TableCells */ = {
			isa = PBXGroup;
			children = (
				B6B13DAD2252E449007B2B46 /* TableListCells */,
			);
			name = TableCells;
			sourceTree = "<group>";
		};
		B6B13DA82252E3C7007B2B46 /* CollectionCells */ = {
			isa = PBXGroup;
			children = (
				B6B13D87224DD9B1007B2B46 /* AboutCollectionViewCell.xib */,
				B6B13D7F224DD98B007B2B46 /* TableListCollectionViewCell.xib */,
			);
			name = CollectionCells;
			sourceTree = "<group>";
		};
		B6B13DA92252E3DB007B2B46 /* CollectionCells */ = {
			isa = PBXGroup;
			children = (
				B6B13D86224DD9B1007B2B46 /* AboutCollectionViewCell.swift */,
				B6B13D7E224DD98B007B2B46 /* TableListCollectionViewCell.swift */,
			);
			name = CollectionCells;
			sourceTree = "<group>";
		};
		B6B13DAB2252E40B007B2B46 /* TableListCells */ = {
			isa = PBXGroup;
			children = (
				B6B13D95224DDE6B007B2B46 /* ArtTableViewCell.xib */,
				B6B13D99224DDE96007B2B46 /* LocaleTableViewCell.xib */,
			);
			name = TableListCells;
			sourceTree = "<group>";
		};
		B6B13DAC2252E41B007B2B46 /* LocaleItensCells */ = {
			isa = PBXGroup;
			children = (
			);
			name = LocaleItensCells;
			sourceTree = "<group>";
		};
		B6B13DAD2252E449007B2B46 /* TableListCells */ = {
			isa = PBXGroup;
			children = (
				B6B13D94224DDE6B007B2B46 /* ArtTableViewCell.swift */,
				B6B13D98224DDE96007B2B46 /* LocaleTableViewCell.swift */,
			);
			name = TableListCells;
			sourceTree = "<group>";
		};
/* End PBXGroup section */

/* Begin PBXNativeTarget section */
		B6B13D47224AD6E2007B2B46 /* VidaFacil */ = {
			isa = PBXNativeTarget;
			buildConfigurationList = B6B13D70224AD6E4007B2B46 /* Build configuration list for PBXNativeTarget "VidaFacil" */;
			buildPhases = (
				61336E3919873A4C1D7EB215 /* [CP] Check Pods Manifest.lock */,
				B6B13D44224AD6E2007B2B46 /* Sources */,
				B6B13D45224AD6E2007B2B46 /* Frameworks */,
				B6B13D46224AD6E2007B2B46 /* Resources */,
				E2890E2A36B19E1811513B42 /* [CP] Embed Pods Frameworks */,
			);
			buildRules = (
			);
			dependencies = (
			);
			name = VidaFacil;
			productName = VidaFacil;
			productReference = B6B13D48224AD6E2007B2B46 /* VidaFacil.app */;
			productType = "com.apple.product-type.application";
		};
		B6B13D5B224AD6E4007B2B46 /* VidaFacilTests */ = {
			isa = PBXNativeTarget;
			buildConfigurationList = B6B13D73224AD6E4007B2B46 /* Build configuration list for PBXNativeTarget "VidaFacilTests" */;
			buildPhases = (
				19F2A752434C19B647F5774A /* [CP] Check Pods Manifest.lock */,
				B6B13D58224AD6E4007B2B46 /* Sources */,
				B6B13D59224AD6E4007B2B46 /* Frameworks */,
				B6B13D5A224AD6E4007B2B46 /* Resources */,
			);
			buildRules = (
			);
			dependencies = (
				B6B13D5E224AD6E4007B2B46 /* PBXTargetDependency */,
			);
			name = VidaFacilTests;
			productName = VidaFacilTests;
			productReference = B6B13D5C224AD6E4007B2B46 /* VidaFacilTests.xctest */;
			productType = "com.apple.product-type.bundle.unit-test";
		};
		B6B13D66224AD6E4007B2B46 /* VidaFacilUITests */ = {
			isa = PBXNativeTarget;
			buildConfigurationList = B6B13D76224AD6E4007B2B46 /* Build configuration list for PBXNativeTarget "VidaFacilUITests" */;
			buildPhases = (
				162DA9DDDA6A0B951E69D02F /* [CP] Check Pods Manifest.lock */,
				B6B13D63224AD6E4007B2B46 /* Sources */,
				B6B13D64224AD6E4007B2B46 /* Frameworks */,
				B6B13D65224AD6E4007B2B46 /* Resources */,
			);
			buildRules = (
			);
			dependencies = (
				B6B13D69224AD6E4007B2B46 /* PBXTargetDependency */,
			);
			name = VidaFacilUITests;
			productName = VidaFacilUITests;
			productReference = B6B13D67224AD6E4007B2B46 /* VidaFacilUITests.xctest */;
			productType = "com.apple.product-type.bundle.ui-testing";
		};
/* End PBXNativeTarget section */

/* Begin PBXProject section */
		B6B13D40224AD6E2007B2B46 /* Project object */ = {
			isa = PBXProject;
			attributes = {
				LastSwiftUpdateCheck = 1020;
				LastUpgradeCheck = 1020;
				ORGANIZATIONNAME = "Douglas Schiavi";
				TargetAttributes = {
					B6B13D47224AD6E2007B2B46 = {
						CreatedOnToolsVersion = 10.2;
					};
					B6B13D5B224AD6E4007B2B46 = {
						CreatedOnToolsVersion = 10.2;
						TestTargetID = B6B13D47224AD6E2007B2B46;
					};
					B6B13D66224AD6E4007B2B46 = {
						CreatedOnToolsVersion = 10.2;
						TestTargetID = B6B13D47224AD6E2007B2B46;
					};
				};
			};
			buildConfigurationList = B6B13D43224AD6E2007B2B46 /* Build configuration list for PBXProject "VidaFacil" */;
			compatibilityVersion = "Xcode 9.3";
			developmentRegion = en;
			hasScannedForEncodings = 0;
			knownRegions = (
				en,
				Base,
			);
			mainGroup = B6B13D3F224AD6E2007B2B46;
			productRefGroup = B6B13D49224AD6E2007B2B46 /* Products */;
			projectDirPath = "";
			projectRoot = "";
			targets = (
				B6B13D47224AD6E2007B2B46 /* VidaFacil */,
				B6B13D5B224AD6E4007B2B46 /* VidaFacilTests */,
				B6B13D66224AD6E4007B2B46 /* VidaFacilUITests */,
			);
		};
/* End PBXProject section */

/* Begin PBXResourcesBuildPhase section */
		B6B13D46224AD6E2007B2B46 /* Resources */ = {
			isa = PBXResourcesBuildPhase;
			buildActionMask = 2147483647;
			files = (
				B6B13D97224DDE6B007B2B46 /* ArtTableViewCell.xib in Resources */,
				B6B13D56224AD6E4007B2B46 /* LaunchScreen.storyboard in Resources */,
				B6B13D53224AD6E4007B2B46 /* Assets.xcassets in Resources */,
				B6B13D9B224DDE96007B2B46 /* LocaleTableViewCell.xib in Resources */,
				B6DE223722BC44810055B3DE /* Sua-Medium.otf in Resources */,
				B6B13D51224AD6E2007B2B46 /* Main.storyboard in Resources */,
				B6B13D81224DD98B007B2B46 /* TableListCollectionViewCell.xib in Resources */,
				B6B13D89224DD9B1007B2B46 /* AboutCollectionViewCell.xib in Resources */,
			);
			runOnlyForDeploymentPostprocessing = 0;
		};
		B6B13D5A224AD6E4007B2B46 /* Resources */ = {
			isa = PBXResourcesBuildPhase;
			buildActionMask = 2147483647;
			files = (
			);
			runOnlyForDeploymentPostprocessing = 0;
		};
		B6B13D65224AD6E4007B2B46 /* Resources */ = {
			isa = PBXResourcesBuildPhase;
			buildActionMask = 2147483647;
			files = (
			);
			runOnlyForDeploymentPostprocessing = 0;
		};
/* End PBXResourcesBuildPhase section */

/* Begin PBXShellScriptBuildPhase section */
		162DA9DDDA6A0B951E69D02F /* [CP] Check Pods Manifest.lock */ = {
			isa = PBXShellScriptBuildPhase;
			buildActionMask = 2147483647;
			files = (
			);
			inputPaths = (
				"${PODS_PODFILE_DIR_PATH}/Podfile.lock",
				"${PODS_ROOT}/Manifest.lock",
			);
			name = "[CP] Check Pods Manifest.lock";
			outputPaths = (
				"$(DERIVED_FILE_DIR)/Pods-VidaFacilUITests-checkManifestLockResult.txt",
			);
			runOnlyForDeploymentPostprocessing = 0;
			shellPath = /bin/sh;
			shellScript = "diff \"${PODS_PODFILE_DIR_PATH}/Podfile.lock\" \"${PODS_ROOT}/Manifest.lock\" > /dev/null\nif [ $? != 0 ] ; then\n    # print error to STDERR\n    echo \"error: The sandbox is not in sync with the Podfile.lock. Run 'pod install' or update your CocoaPods installation.\" >&2\n    exit 1\nfi\n# This output is used by Xcode 'outputs' to avoid re-running this script phase.\necho \"SUCCESS\" > \"${SCRIPT_OUTPUT_FILE_0}\"\n";
			showEnvVarsInLog = 0;
		};
		19F2A752434C19B647F5774A /* [CP] Check Pods Manifest.lock */ = {
			isa = PBXShellScriptBuildPhase;
			buildActionMask = 2147483647;
			files = (
			);
			inputPaths = (
				"${PODS_PODFILE_DIR_PATH}/Podfile.lock",
				"${PODS_ROOT}/Manifest.lock",
			);
			name = "[CP] Check Pods Manifest.lock";
			outputPaths = (
				"$(DERIVED_FILE_DIR)/Pods-VidaFacilTests-checkManifestLockResult.txt",
			);
			runOnlyForDeploymentPostprocessing = 0;
			shellPath = /bin/sh;
			shellScript = "diff \"${PODS_PODFILE_DIR_PATH}/Podfile.lock\" \"${PODS_ROOT}/Manifest.lock\" > /dev/null\nif [ $? != 0 ] ; then\n    # print error to STDERR\n    echo \"error: The sandbox is not in sync with the Podfile.lock. Run 'pod install' or update your CocoaPods installation.\" >&2\n    exit 1\nfi\n# This output is used by Xcode 'outputs' to avoid re-running this script phase.\necho \"SUCCESS\" > \"${SCRIPT_OUTPUT_FILE_0}\"\n";
			showEnvVarsInLog = 0;
		};
		61336E3919873A4C1D7EB215 /* [CP] Check Pods Manifest.lock */ = {
			isa = PBXShellScriptBuildPhase;
			buildActionMask = 2147483647;
			files = (
			);
			inputPaths = (
				"${PODS_PODFILE_DIR_PATH}/Podfile.lock",
				"${PODS_ROOT}/Manifest.lock",
			);
			name = "[CP] Check Pods Manifest.lock";
			outputPaths = (
				"$(DERIVED_FILE_DIR)/Pods-VidaFacil-checkManifestLockResult.txt",
			);
			runOnlyForDeploymentPostprocessing = 0;
			shellPath = /bin/sh;
			shellScript = "diff \"${PODS_PODFILE_DIR_PATH}/Podfile.lock\" \"${PODS_ROOT}/Manifest.lock\" > /dev/null\nif [ $? != 0 ] ; then\n    # print error to STDERR\n    echo \"error: The sandbox is not in sync with the Podfile.lock. Run 'pod install' or update your CocoaPods installation.\" >&2\n    exit 1\nfi\n# This output is used by Xcode 'outputs' to avoid re-running this script phase.\necho \"SUCCESS\" > \"${SCRIPT_OUTPUT_FILE_0}\"\n";
			showEnvVarsInLog = 0;
		};
		E2890E2A36B19E1811513B42 /* [CP] Embed Pods Frameworks */ = {
			isa = PBXShellScriptBuildPhase;
			buildActionMask = 2147483647;
			files = (
			);
			inputPaths = (
				"${SRCROOT}/Pods/Target Support Files/Pods-VidaFacil/Pods-VidaFacil-frameworks.sh",
				"${BUILT_PRODUCTS_DIR}/Alamofire/Alamofire.framework",
				"${BUILT_PRODUCTS_DIR}/MBProgressHUD/MBProgressHUD.framework",
				"${BUILT_PRODUCTS_DIR}/Moya/Moya.framework",
				"${BUILT_PRODUCTS_DIR}/Moya-ObjectMapper/Moya_ObjectMapper.framework",
				"${BUILT_PRODUCTS_DIR}/ObjectMapper/ObjectMapper.framework",
				"${BUILT_PRODUCTS_DIR}/Realm/Realm.framework",
				"${BUILT_PRODUCTS_DIR}/RealmSwift/RealmSwift.framework",
				"${BUILT_PRODUCTS_DIR}/Result/Result.framework",
				"${BUILT_PRODUCTS_DIR}/RxSwift/RxSwift.framework",
				"${BUILT_PRODUCTS_DIR}/SDWebImage/SDWebImage.framework",
			);
			name = "[CP] Embed Pods Frameworks";
			outputPaths = (
				"${TARGET_BUILD_DIR}/${FRAMEWORKS_FOLDER_PATH}/Alamofire.framework",
				"${TARGET_BUILD_DIR}/${FRAMEWORKS_FOLDER_PATH}/MBProgressHUD.framework",
				"${TARGET_BUILD_DIR}/${FRAMEWORKS_FOLDER_PATH}/Moya.framework",
				"${TARGET_BUILD_DIR}/${FRAMEWORKS_FOLDER_PATH}/Moya_ObjectMapper.framework",
				"${TARGET_BUILD_DIR}/${FRAMEWORKS_FOLDER_PATH}/ObjectMapper.framework",
				"${TARGET_BUILD_DIR}/${FRAMEWORKS_FOLDER_PATH}/Realm.framework",
				"${TARGET_BUILD_DIR}/${FRAMEWORKS_FOLDER_PATH}/RealmSwift.framework",
				"${TARGET_BUILD_DIR}/${FRAMEWORKS_FOLDER_PATH}/Result.framework",
				"${TARGET_BUILD_DIR}/${FRAMEWORKS_FOLDER_PATH}/RxSwift.framework",
				"${TARGET_BUILD_DIR}/${FRAMEWORKS_FOLDER_PATH}/SDWebImage.framework",
			);
			runOnlyForDeploymentPostprocessing = 0;
			shellPath = /bin/sh;
			shellScript = "\"${SRCROOT}/Pods/Target Support Files/Pods-VidaFacil/Pods-VidaFacil-frameworks.sh\"\n";
			showEnvVarsInLog = 0;
		};
/* End PBXShellScriptBuildPhase section */

/* Begin PBXSourcesBuildPhase section */
		B6B13D44224AD6E2007B2B46 /* Sources */ = {
			isa = PBXSourcesBuildPhase;
			buildActionMask = 2147483647;
			files = (
				B69B308D2271462900C26D91 /* Establishment.swift in Sources */,
				B6B13DA02252DFFC007B2B46 /* RegisterViewController.swift in Sources */,
				B6B13D80224DD98B007B2B46 /* TableListCollectionViewCell.swift in Sources */,
				B6A7451022636EF0000610D6 /* UIColor + Hex.swift in Sources */,
				B604345C2275E29900DB22F1 /* RootApiModel.swift in Sources */,
				B69B3092227285D400C26D91 /* Product.swift in Sources */,
				B60434602275E40D00DB22F1 /* AccessTokenCache.swift in Sources */,
				B69B307D227136E500C26D91 /* DiscountType.swift in Sources */,
				B69B308022713A7900C26D91 /* Categories.swift in Sources */,
				B6B13D4E224AD6E2007B2B46 /* ViewController.swift in Sources */,
				B69B30782271348500C26D91 /* Benefit.swift in Sources */,
				B6A745132264238E000610D6 /* VidaFacilAPI.swift in Sources */,
				B69B308222713C3100C26D91 /* EstablishmentCategory.swift in Sources */,
				B6B13D96224DDE6B007B2B46 /* ArtTableViewCell.swift in Sources */,
				B69B3090227148F400C26D91 /* Products.swift in Sources */,
				B6B13D91224DDAF3007B2B46 /* UITableViewCell+Identifiable.swift in Sources */,
				B69B30952272894A00C26D91 /* Evaluations.swift in Sources */,
				B69B30732271147B00C26D91 /* CustomDate.swift in Sources */,
				B60434712275E7A700DB22F1 /* Map+Error.swift in Sources */,
				B604347A2275EAFD00DB22F1 /* UserCache.swift in Sources */,
				B6B13DA72252E33B007B2B46 /* DiscountDetailsViewController.swift in Sources */,
				B69B3088227142BD00C26D91 /* Plan.swift in Sources */,
				B60434582275E27E00DB22F1 /* APIServiceType.swift in Sources */,
				B6B13D88224DD9B1007B2B46 /* AboutCollectionViewCell.swift in Sources */,
				B60434782275EAF200DB22F1 /* UserCacheType.swift in Sources */,
				B60434752275EAB100DB22F1 /* TimeoutManager.swift in Sources */,
				B60434692275E4DA00DB22F1 /* UserDefaultsServiceType.swift in Sources */,
				B69B309922728BF000C26D91 /* EstablishmentType.swift in Sources */,
				B69B306C22710ADC00C26D91 /* State.swift in Sources */,
				B604345A2275E28A00DB22F1 /* APIService.swift in Sources */,
				B69B308B227145C700C26D91 /* Establishments.swift in Sources */,
				B69B30762271341B00C26D91 /* Benefits.swift in Sources */,
				B604348522763F0100DB22F1 /* AuthorizationType+Equatable.swift in Sources */,
				B6B13D8F224DDADC007B2B46 /* UICollectionViewCell+Identifiable.swift in Sources */,
				B604347C2276234A00DB22F1 /* BaseView.swift in Sources */,
				B69B306F22710DCD00C26D91 /* Users.swift in Sources */,
				B60434622275E43200DB22F1 /* APIError.swift in Sources */,
				B69B30862271429F00C26D91 /* Plans.swift in Sources */,
				B60434812276319000DB22F1 /* AlertBuilder.swift in Sources */,
				B69B307B227136B600C26D91 /* DiscountTypes.swift in Sources */,
				B60434642275E46100DB22F1 /* UserDefaultsKey.swift in Sources */,
				B69B3097227289D600C26D91 /* Evaluation.swift in Sources */,
				B6B13D9A224DDE96007B2B46 /* LocaleTableViewCell.swift in Sources */,
				B604346F2275E6F800DB22F1 /* LoginResult.swift in Sources */,
				B604345E2275E32400DB22F1 /* ServicesManager.swift in Sources */,
				B6B13D9D224DEE69007B2B46 /* UIView+Border.swift in Sources */,
				B6691B31226DF40C0082FE31 /* LoginViewController.swift in Sources */,
				B604346B2275E50D00DB22F1 /* AccessTokenCacheType.swift in Sources */,
				B6A7450E22621031000610D6 /* CameraViewController.swift in Sources */,
				B69B306A22710A3200C26D91 /* States.swift in Sources */,
				B6B13D4C224AD6E2007B2B46 /* AppDelegate.swift in Sources */,
				B6B13DA42252E021007B2B46 /* LocaleItensViewController.swift in Sources */,
				B60434672275E4CA00DB22F1 /* UserDefaultsService.swift in Sources */,
				B60434732275E95100DB22F1 /* String.swift in Sources */,
				B604347E227630C400DB22F1 /* AccessTokenPlugin.swift in Sources */,
				B69B309B22728EA100C26D91 /* Pivot.swift in Sources */,
				B69B307122710F4F00C26D91 /* User.swift in Sources */,
				B6043483227631C500DB22F1 /* AlertButtonAction.swift in Sources */,
			);
			runOnlyForDeploymentPostprocessing = 0;
		};
		B6B13D58224AD6E4007B2B46 /* Sources */ = {
			isa = PBXSourcesBuildPhase;
			buildActionMask = 2147483647;
			files = (
				B6B13D61224AD6E4007B2B46 /* VidaFacilTests.swift in Sources */,
			);
			runOnlyForDeploymentPostprocessing = 0;
		};
		B6B13D63224AD6E4007B2B46 /* Sources */ = {
			isa = PBXSourcesBuildPhase;
			buildActionMask = 2147483647;
			files = (
				B6B13D6C224AD6E4007B2B46 /* VidaFacilUITests.swift in Sources */,
			);
			runOnlyForDeploymentPostprocessing = 0;
		};
/* End PBXSourcesBuildPhase section */

/* Begin PBXTargetDependency section */
		B6B13D5E224AD6E4007B2B46 /* PBXTargetDependency */ = {
			isa = PBXTargetDependency;
			target = B6B13D47224AD6E2007B2B46 /* VidaFacil */;
			targetProxy = B6B13D5D224AD6E4007B2B46 /* PBXContainerItemProxy */;
		};
		B6B13D69224AD6E4007B2B46 /* PBXTargetDependency */ = {
			isa = PBXTargetDependency;
			target = B6B13D47224AD6E2007B2B46 /* VidaFacil */;
			targetProxy = B6B13D68224AD6E4007B2B46 /* PBXContainerItemProxy */;
		};
/* End PBXTargetDependency section */

/* Begin PBXVariantGroup section */
		B6B13D4F224AD6E2007B2B46 /* Main.storyboard */ = {
			isa = PBXVariantGroup;
			children = (
				B6B13D50224AD6E2007B2B46 /* Base */,
			);
			name = Main.storyboard;
			sourceTree = "<group>";
		};
		B6B13D54224AD6E4007B2B46 /* LaunchScreen.storyboard */ = {
			isa = PBXVariantGroup;
			children = (
				B6B13D55224AD6E4007B2B46 /* Base */,
			);
			name = LaunchScreen.storyboard;
			sourceTree = "<group>";
		};
/* End PBXVariantGroup section */

/* Begin XCBuildConfiguration section */
		B6B13D6E224AD6E4007B2B46 /* Debug */ = {
			isa = XCBuildConfiguration;
			buildSettings = {
				ALWAYS_SEARCH_USER_PATHS = NO;
				CLANG_ANALYZER_NONNULL = YES;
				CLANG_ANALYZER_NUMBER_OBJECT_CONVERSION = YES_AGGRESSIVE;
				CLANG_CXX_LANGUAGE_STANDARD = "gnu++14";
				CLANG_CXX_LIBRARY = "libc++";
				CLANG_ENABLE_MODULES = YES;
				CLANG_ENABLE_OBJC_ARC = YES;
				CLANG_ENABLE_OBJC_WEAK = YES;
				CLANG_WARN_BLOCK_CAPTURE_AUTORELEASING = YES;
				CLANG_WARN_BOOL_CONVERSION = YES;
				CLANG_WARN_COMMA = YES;
				CLANG_WARN_CONSTANT_CONVERSION = YES;
				CLANG_WARN_DEPRECATED_OBJC_IMPLEMENTATIONS = YES;
				CLANG_WARN_DIRECT_OBJC_ISA_USAGE = YES_ERROR;
				CLANG_WARN_DOCUMENTATION_COMMENTS = YES;
				CLANG_WARN_EMPTY_BODY = YES;
				CLANG_WARN_ENUM_CONVERSION = YES;
				CLANG_WARN_INFINITE_RECURSION = YES;
				CLANG_WARN_INT_CONVERSION = YES;
				CLANG_WARN_NON_LITERAL_NULL_CONVERSION = YES;
				CLANG_WARN_OBJC_IMPLICIT_RETAIN_SELF = YES;
				CLANG_WARN_OBJC_LITERAL_CONVERSION = YES;
				CLANG_WARN_OBJC_ROOT_CLASS = YES_ERROR;
				CLANG_WARN_RANGE_LOOP_ANALYSIS = YES;
				CLANG_WARN_STRICT_PROTOTYPES = YES;
				CLANG_WARN_SUSPICIOUS_MOVE = YES;
				CLANG_WARN_UNGUARDED_AVAILABILITY = YES_AGGRESSIVE;
				CLANG_WARN_UNREACHABLE_CODE = YES;
				CLANG_WARN__DUPLICATE_METHOD_MATCH = YES;
				CODE_SIGN_IDENTITY = "iPhone Developer";
				COPY_PHASE_STRIP = NO;
				DEBUG_INFORMATION_FORMAT = dwarf;
				ENABLE_STRICT_OBJC_MSGSEND = YES;
				ENABLE_TESTABILITY = YES;
				GCC_C_LANGUAGE_STANDARD = gnu11;
				GCC_DYNAMIC_NO_PIC = NO;
				GCC_NO_COMMON_BLOCKS = YES;
				GCC_OPTIMIZATION_LEVEL = 0;
				GCC_PREPROCESSOR_DEFINITIONS = (
					"DEBUG=1",
					"$(inherited)",
				);
				GCC_WARN_64_TO_32_BIT_CONVERSION = YES;
				GCC_WARN_ABOUT_RETURN_TYPE = YES_ERROR;
				GCC_WARN_UNDECLARED_SELECTOR = YES;
				GCC_WARN_UNINITIALIZED_AUTOS = YES_AGGRESSIVE;
				GCC_WARN_UNUSED_FUNCTION = YES;
				GCC_WARN_UNUSED_VARIABLE = YES;
				IPHONEOS_DEPLOYMENT_TARGET = 12.2;
				MTL_ENABLE_DEBUG_INFO = INCLUDE_SOURCE;
				MTL_FAST_MATH = YES;
				ONLY_ACTIVE_ARCH = YES;
				SDKROOT = iphoneos;
				SWIFT_ACTIVE_COMPILATION_CONDITIONS = DEBUG;
				SWIFT_OPTIMIZATION_LEVEL = "-Onone";
			};
			name = Debug;
		};
		B6B13D6F224AD6E4007B2B46 /* Release */ = {
			isa = XCBuildConfiguration;
			buildSettings = {
				ALWAYS_SEARCH_USER_PATHS = NO;
				CLANG_ANALYZER_NONNULL = YES;
				CLANG_ANALYZER_NUMBER_OBJECT_CONVERSION = YES_AGGRESSIVE;
				CLANG_CXX_LANGUAGE_STANDARD = "gnu++14";
				CLANG_CXX_LIBRARY = "libc++";
				CLANG_ENABLE_MODULES = YES;
				CLANG_ENABLE_OBJC_ARC = YES;
				CLANG_ENABLE_OBJC_WEAK = YES;
				CLANG_WARN_BLOCK_CAPTURE_AUTORELEASING = YES;
				CLANG_WARN_BOOL_CONVERSION = YES;
				CLANG_WARN_COMMA = YES;
				CLANG_WARN_CONSTANT_CONVERSION = YES;
				CLANG_WARN_DEPRECATED_OBJC_IMPLEMENTATIONS = YES;
				CLANG_WARN_DIRECT_OBJC_ISA_USAGE = YES_ERROR;
				CLANG_WARN_DOCUMENTATION_COMMENTS = YES;
				CLANG_WARN_EMPTY_BODY = YES;
				CLANG_WARN_ENUM_CONVERSION = YES;
				CLANG_WARN_INFINITE_RECURSION = YES;
				CLANG_WARN_INT_CONVERSION = YES;
				CLANG_WARN_NON_LITERAL_NULL_CONVERSION = YES;
				CLANG_WARN_OBJC_IMPLICIT_RETAIN_SELF = YES;
				CLANG_WARN_OBJC_LITERAL_CONVERSION = YES;
				CLANG_WARN_OBJC_ROOT_CLASS = YES_ERROR;
				CLANG_WARN_RANGE_LOOP_ANALYSIS = YES;
				CLANG_WARN_STRICT_PROTOTYPES = YES;
				CLANG_WARN_SUSPICIOUS_MOVE = YES;
				CLANG_WARN_UNGUARDED_AVAILABILITY = YES_AGGRESSIVE;
				CLANG_WARN_UNREACHABLE_CODE = YES;
				CLANG_WARN__DUPLICATE_METHOD_MATCH = YES;
				CODE_SIGN_IDENTITY = "iPhone Developer";
				COPY_PHASE_STRIP = NO;
				DEBUG_INFORMATION_FORMAT = "dwarf-with-dsym";
				ENABLE_NS_ASSERTIONS = NO;
				ENABLE_STRICT_OBJC_MSGSEND = YES;
				GCC_C_LANGUAGE_STANDARD = gnu11;
				GCC_NO_COMMON_BLOCKS = YES;
				GCC_WARN_64_TO_32_BIT_CONVERSION = YES;
				GCC_WARN_ABOUT_RETURN_TYPE = YES_ERROR;
				GCC_WARN_UNDECLARED_SELECTOR = YES;
				GCC_WARN_UNINITIALIZED_AUTOS = YES_AGGRESSIVE;
				GCC_WARN_UNUSED_FUNCTION = YES;
				GCC_WARN_UNUSED_VARIABLE = YES;
				IPHONEOS_DEPLOYMENT_TARGET = 12.2;
				MTL_ENABLE_DEBUG_INFO = NO;
				MTL_FAST_MATH = YES;
				SDKROOT = iphoneos;
				SWIFT_COMPILATION_MODE = wholemodule;
				SWIFT_OPTIMIZATION_LEVEL = "-O";
				VALIDATE_PRODUCT = YES;
			};
			name = Release;
		};
		B6B13D71224AD6E4007B2B46 /* Debug */ = {
			isa = XCBuildConfiguration;
			baseConfigurationReference = 300F316CFE691E58A46C1F65 /* Pods-VidaFacil.debug.xcconfig */;
			buildSettings = {
				ASSETCATALOG_COMPILER_APPICON_NAME = AppIcon;
				CODE_SIGN_STYLE = Automatic;
				DEVELOPMENT_TEAM = 792V77RLPU;
				INFOPLIST_FILE = VidaFacil/Info.plist;
				LD_RUNPATH_SEARCH_PATHS = (
					"$(inherited)",
					"@executable_path/Frameworks",
				);
				PRODUCT_BUNDLE_IDENTIFIER = com.VidaFacil;
				PRODUCT_NAME = "$(TARGET_NAME)";
				SWIFT_VERSION = 5.0;
				TARGETED_DEVICE_FAMILY = "1,2";
			};
			name = Debug;
		};
		B6B13D72224AD6E4007B2B46 /* Release */ = {
			isa = XCBuildConfiguration;
			baseConfigurationReference = 0F551F765F95E5CE8F86A15D /* Pods-VidaFacil.release.xcconfig */;
			buildSettings = {
				ASSETCATALOG_COMPILER_APPICON_NAME = AppIcon;
				CODE_SIGN_STYLE = Automatic;
				DEVELOPMENT_TEAM = 792V77RLPU;
				INFOPLIST_FILE = VidaFacil/Info.plist;
				LD_RUNPATH_SEARCH_PATHS = (
					"$(inherited)",
					"@executable_path/Frameworks",
				);
				PRODUCT_BUNDLE_IDENTIFIER = com.VidaFacil;
				PRODUCT_NAME = "$(TARGET_NAME)";
				SWIFT_VERSION = 5.0;
				TARGETED_DEVICE_FAMILY = "1,2";
			};
			name = Release;
		};
		B6B13D74224AD6E4007B2B46 /* Debug */ = {
			isa = XCBuildConfiguration;
			baseConfigurationReference = 77CCD62EDABD9CDA901F5EA5 /* Pods-VidaFacilTests.debug.xcconfig */;
			buildSettings = {
				ALWAYS_EMBED_SWIFT_STANDARD_LIBRARIES = YES;
				BUNDLE_LOADER = "$(TEST_HOST)";
				CODE_SIGN_STYLE = Automatic;
				DEVELOPMENT_TEAM = 792V77RLPU;
				INFOPLIST_FILE = VidaFacilTests/Info.plist;
				LD_RUNPATH_SEARCH_PATHS = (
					"$(inherited)",
					"@executable_path/Frameworks",
					"@loader_path/Frameworks",
				);
				PRODUCT_BUNDLE_IDENTIFIER = com.VidaFacilTests;
				PRODUCT_NAME = "$(TARGET_NAME)";
				SWIFT_VERSION = 5.0;
				TARGETED_DEVICE_FAMILY = "1,2";
				TEST_HOST = "$(BUILT_PRODUCTS_DIR)/VidaFacil.app/VidaFacil";
			};
			name = Debug;
		};
		B6B13D75224AD6E4007B2B46 /* Release */ = {
			isa = XCBuildConfiguration;
			baseConfigurationReference = 26C444306D5A1E04CFC27C45 /* Pods-VidaFacilTests.release.xcconfig */;
			buildSettings = {
				ALWAYS_EMBED_SWIFT_STANDARD_LIBRARIES = YES;
				BUNDLE_LOADER = "$(TEST_HOST)";
				CODE_SIGN_STYLE = Automatic;
				DEVELOPMENT_TEAM = 792V77RLPU;
				INFOPLIST_FILE = VidaFacilTests/Info.plist;
				LD_RUNPATH_SEARCH_PATHS = (
					"$(inherited)",
					"@executable_path/Frameworks",
					"@loader_path/Frameworks",
				);
				PRODUCT_BUNDLE_IDENTIFIER = com.VidaFacilTests;
				PRODUCT_NAME = "$(TARGET_NAME)";
				SWIFT_VERSION = 5.0;
				TARGETED_DEVICE_FAMILY = "1,2";
				TEST_HOST = "$(BUILT_PRODUCTS_DIR)/VidaFacil.app/VidaFacil";
			};
			name = Release;
		};
		B6B13D77224AD6E4007B2B46 /* Debug */ = {
			isa = XCBuildConfiguration;
			baseConfigurationReference = 199BDC16F82C8E3FAA252CD7 /* Pods-VidaFacilUITests.debug.xcconfig */;
			buildSettings = {
				ALWAYS_EMBED_SWIFT_STANDARD_LIBRARIES = YES;
				CODE_SIGN_STYLE = Automatic;
				DEVELOPMENT_TEAM = 792V77RLPU;
				INFOPLIST_FILE = VidaFacilUITests/Info.plist;
				LD_RUNPATH_SEARCH_PATHS = (
					"$(inherited)",
					"@executable_path/Frameworks",
					"@loader_path/Frameworks",
				);
				PRODUCT_BUNDLE_IDENTIFIER = com.VidaFacilUITests;
				PRODUCT_NAME = "$(TARGET_NAME)";
				SWIFT_VERSION = 5.0;
				TARGETED_DEVICE_FAMILY = "1,2";
				TEST_TARGET_NAME = VidaFacil;
			};
			name = Debug;
		};
		B6B13D78224AD6E4007B2B46 /* Release */ = {
			isa = XCBuildConfiguration;
			baseConfigurationReference = 12EAB088F5B198FAF36D00FE /* Pods-VidaFacilUITests.release.xcconfig */;
			buildSettings = {
				ALWAYS_EMBED_SWIFT_STANDARD_LIBRARIES = YES;
				CODE_SIGN_STYLE = Automatic;
				DEVELOPMENT_TEAM = 792V77RLPU;
				INFOPLIST_FILE = VidaFacilUITests/Info.plist;
				LD_RUNPATH_SEARCH_PATHS = (
					"$(inherited)",
					"@executable_path/Frameworks",
					"@loader_path/Frameworks",
				);
				PRODUCT_BUNDLE_IDENTIFIER = com.VidaFacilUITests;
				PRODUCT_NAME = "$(TARGET_NAME)";
				SWIFT_VERSION = 5.0;
				TARGETED_DEVICE_FAMILY = "1,2";
				TEST_TARGET_NAME = VidaFacil;
			};
			name = Release;
		};
/* End XCBuildConfiguration section */

/* Begin XCConfigurationList section */
		B6B13D43224AD6E2007B2B46 /* Build configuration list for PBXProject "VidaFacil" */ = {
			isa = XCConfigurationList;
			buildConfigurations = (
				B6B13D6E224AD6E4007B2B46 /* Debug */,
				B6B13D6F224AD6E4007B2B46 /* Release */,
			);
			defaultConfigurationIsVisible = 0;
			defaultConfigurationName = Release;
		};
		B6B13D70224AD6E4007B2B46 /* Build configuration list for PBXNativeTarget "VidaFacil" */ = {
			isa = XCConfigurationList;
			buildConfigurations = (
				B6B13D71224AD6E4007B2B46 /* Debug */,
				B6B13D72224AD6E4007B2B46 /* Release */,
			);
			defaultConfigurationIsVisible = 0;
			defaultConfigurationName = Release;
		};
		B6B13D73224AD6E4007B2B46 /* Build configuration list for PBXNativeTarget "VidaFacilTests" */ = {
			isa = XCConfigurationList;
			buildConfigurations = (
				B6B13D74224AD6E4007B2B46 /* Debug */,
				B6B13D75224AD6E4007B2B46 /* Release */,
			);
			defaultConfigurationIsVisible = 0;
			defaultConfigurationName = Release;
		};
		B6B13D76224AD6E4007B2B46 /* Build configuration list for PBXNativeTarget "VidaFacilUITests" */ = {
			isa = XCConfigurationList;
			buildConfigurations = (
				B6B13D77224AD6E4007B2B46 /* Debug */,
				B6B13D78224AD6E4007B2B46 /* Release */,
			);
			defaultConfigurationIsVisible = 0;
			defaultConfigurationName = Release;
		};
/* End XCConfigurationList section */
	};
	rootObject = B6B13D40224AD6E2007B2B46 /* Project object */;
}
