PODS:
  - Alamofire (4.8.2)
  - Moya (13.0.0):
    - Moya/Core (= 13.0.0)
  - Moya-ObjectMapper (2.3):
    - Moya-ObjectMapper/Core (= 2.3)
  - Moya-ObjectMapper/Core (2.3):
    - Moya (>= 8.0.0)
    - ObjectMapper (= 2.2.2)
  - Moya/Core (13.0.0):
    - Alamofire (~> 4.1)
    - Result (~> 4.1)
  - Moya/RxSwift (13.0.0):
    - Moya/Core
    - RxSwift (~> 4.0)
  - ObjectMapper (2.2.2)
  - Result (4.1.0)
  - RxSwift (4.5.0)

DEPENDENCIES:
  - Moya-ObjectMapper
  - Moya/RxSwift (= 13.0.0)

SPEC REPOS:
  https://github.com/cocoapods/specs.git:
    - Alamofire
    - Moya
    - Moya-ObjectMapper
    - ObjectMapper
    - Result
    - RxSwift

SPEC CHECKSUMS:
  Alamofire: ae5c501addb7afdbb13687d7f2f722c78734c2d3
  Moya: 161263550064ff8a4948e8ff63137fd72a876292
  Moya-ObjectMapper: b7f1f44f02b14c97d8a8efe9c6f8e6072252a58c
  ObjectMapper: 9e385c2295bcc4e16eabbcfc85db801442bba545
  Result: bd966fac789cc6c1563440b348ab2598cc24d5c7
  RxSwift: f172070dfd1a93d70a9ab97a5a01166206e1c575

PODFILE CHECKSUM: 20f614e0bfcd101c4a5137684be8939d7bbf0b67

COCOAPODS: 1.5.3
