PODS:
  - Alamofire (4.8.2)
  - IQKeyboardManager (6.4.0)
  - MBProgressHUD (1.1.0)
  - Moya (13.0.0):
    - Moya/Core (= 13.0.0)
  - Moya-ObjectMapper (2.3):
    - Moya-ObjectMapper/Core (= 2.3)
  - Moya-ObjectMapper/Core (2.3):
    - Moya (>= 8.0.0)
    - ObjectMapper (= 2.2.2)
  - Moya/Core (13.0.0):
    - Alamofire (~> 4.1)
    - Result (~> 4.1)
  - Moya/RxSwift (13.0.0):
    - Moya/Core
    - RxSwift (~> 4.0)
  - ObjectMapper (2.2.2)
  - Realm (3.16.2):
    - Realm/Headers (= 3.16.2)
  - Realm/Headers (3.16.2)
  - RealmSwift (3.16.2):
    - Realm (= 3.16.2)
  - Result (4.1.0)
  - RxSwift (4.5.0)
  - SDWebImage (5.0.6):
    - SDWebImage/Core (= 5.0.6)
  - SDWebImage/Core (5.0.6)

DEPENDENCIES:
  - IQKeyboardManager
  - MBProgressHUD (~> 1.1)
  - Moya-ObjectMapper
  - Moya/RxSwift (= 13.0.0)
  - RealmSwift
  - SDWebImage

SPEC REPOS:
  https://github.com/cocoapods/specs.git:
    - Alamofire
    - IQKeyboardManager
    - MBProgressHUD
    - Moya
    - Moya-ObjectMapper
    - ObjectMapper
    - Realm
    - RealmSwift
    - Result
    - RxSwift
    - SDWebImage

SPEC CHECKSUMS:
  Alamofire: ae5c501addb7afdbb13687d7f2f722c78734c2d3
  IQKeyboardManager: fcef267266379c003181fc3592f6bdb8bf4db839
  MBProgressHUD: e7baa36a220447d8aeb12769bf0585582f3866d9
  Moya: 161263550064ff8a4948e8ff63137fd72a876292
  Moya-ObjectMapper: b7f1f44f02b14c97d8a8efe9c6f8e6072252a58c
  ObjectMapper: 9e385c2295bcc4e16eabbcfc85db801442bba545
  Realm: 0e73b4edeb5b6a90da3d83206883b2e34e00eb38
  RealmSwift: a81e650171ef0a5f999df1ed8d39ba8d6fce88a4
  Result: bd966fac789cc6c1563440b348ab2598cc24d5c7
  RxSwift: f172070dfd1a93d70a9ab97a5a01166206e1c575
  SDWebImage: 920f1a2ff1ca8296ad34f6e0510a1ef1d70ac965

PODFILE CHECKSUM: f4f534fc6d8386549abcc973ecb30e889c1494c7

COCOAPODS: 1.5.3
